
Microsoft Visual Studio Solution File, Format Version 12.00
# Visual Studio Version 17
VisualStudioVersion = 17.3.32929.385
MinimumVisualStudioVersion = 10.0.40219.1
Project("{D954291E-2A0B-460D-934E-DC6B0785DB48}") = "DialogIssues.Shared", "DialogIssues\DialogIssues.Shared\DialogIssues.Shared.shproj", "{6279C845-92F8-4333-AB99-3D213163593C}"
EndProject
Project("{9A19103F-16F7-4668-BE54-9A1E7A4F7556}") = "DialogIssues.Droid", "DialogIssues\DialogIssues.Droid\DialogIssues.Droid.csproj", "{9C965421-956E-4BFA-B457-F37E7A260FA3}"
EndProject
Project("{9A19103F-16F7-4668-BE54-9A1E7A4F7556}") = "DialogIssues.iOS", "DialogIssues\DialogIssues.iOS\DialogIssues.iOS.csproj", "{98AE58D2-CFAF-4CE8-9325-AE0044FDD1B4}"
EndProject
Project("{9A19103F-16F7-4668-BE54-9A1E7A4F7556}") = "DialogIssues.Wasm", "DialogIssues\DialogIssues.Wasm\DialogIssues.Wasm.csproj", "{81AB67AB-F0C9-4FFD-A55B-451FEAF48A95}"
EndProject
Project("{2150E333-8FDC-42A3-9474-1A3956D46DE8}") = "Solution Items", "Solution Items", "{876F29E6-731B-46D8-9860-D996BA121372}"
	ProjectSection(SolutionItems) = preProject
		.gitignore = .gitignore
		README.md = README.md
	EndProjectSection
EndProject
Project("{C7167F0D-BC9F-4E6E-AFE1-012C56B48DB5}") = "DialogIssues.WinUI (Package)", "DialogIssues\DialogIssues.WinUI\DialogIssues.WinUI (Package)\DialogIssues.WinUI (Package).wapproj", "{7D784886-D27D-4DE6-8F3C-3C05EE91546A}"
EndProject
Project("{9A19103F-16F7-4668-BE54-9A1E7A4F7556}") = "DialogIssues.WinUI", "DialogIssues\DialogIssues.WinUI\DialogIssues.WinUI\DialogIssues.WinUI.csproj", "{E349C25C-4284-4075-8CB4-F03878E0139E}"
EndProject
Project("{2150E333-8FDC-42A3-9474-1A3956D46DE8}") = "Framework", "Framework", "{3D5CFBF7-41FD-4F8E-BFF0-90CA4A020D7E}"
EndProject
Project("{9A19103F-16F7-4668-BE54-9A1E7A4F7556}") = "Framework.Uno", "Framework.Uno\Framework.Uno.csproj", "{C7C63DB4-CCAF-4648-A7F9-924D22E3F16B}"
EndProject
Project("{9A19103F-16F7-4668-BE54-9A1E7A4F7556}") = "FrameworkInterfaces", "FrameworkInterfaces\FrameworkInterfaces.csproj", "{7420F5DA-155E-463A-9B05-B0585EB09496}"
EndProject
Project("{9A19103F-16F7-4668-BE54-9A1E7A4F7556}") = "Framework.Helpers", "Framework.Helpers\Framework.Helpers.csproj", "{76CCAA82-DC20-4367-994C-E813303DE574}"
EndProject
Global
	GlobalSection(SolutionConfigurationPlatforms) = preSolution
		Ad-Hoc|Any CPU = Ad-Hoc|Any CPU
		Ad-Hoc|ARM = Ad-Hoc|ARM
		Ad-Hoc|arm64 = Ad-Hoc|arm64
		Ad-Hoc|iPhone = Ad-Hoc|iPhone
		Ad-Hoc|iPhoneSimulator = Ad-Hoc|iPhoneSimulator
		Ad-Hoc|x64 = Ad-Hoc|x64
		Ad-Hoc|x86 = Ad-Hoc|x86
		AppStore|Any CPU = AppStore|Any CPU
		AppStore|ARM = AppStore|ARM
		AppStore|arm64 = AppStore|arm64
		AppStore|iPhone = AppStore|iPhone
		AppStore|iPhoneSimulator = AppStore|iPhoneSimulator
		AppStore|x64 = AppStore|x64
		AppStore|x86 = AppStore|x86
		Debug|Any CPU = Debug|Any CPU
		Debug|ARM = Debug|ARM
		Debug|arm64 = Debug|arm64
		Debug|iPhone = Debug|iPhone
		Debug|iPhoneSimulator = Debug|iPhoneSimulator
		Debug|x64 = Debug|x64
		Debug|x86 = Debug|x86
		Release|Any CPU = Release|Any CPU
		Release|ARM = Release|ARM
		Release|arm64 = Release|arm64
		Release|iPhone = Release|iPhone
		Release|iPhoneSimulator = Release|iPhoneSimulator
		Release|x64 = Release|x64
		Release|x86 = Release|x86
	EndGlobalSection
	GlobalSection(ProjectConfigurationPlatforms) = postSolution
		{6279C845-92F8-4333-AB99-3D213163593C}.Ad-Hoc|Any CPU.ActiveCfg = Release|Any CPU
		{6279C845-92F8-4333-AB99-3D213163593C}.Ad-Hoc|ARM.ActiveCfg = Release|Any CPU
		{6279C845-92F8-4333-AB99-3D213163593C}.Ad-Hoc|arm64.ActiveCfg = Release|Any CPU
		{6279C845-92F8-4333-AB99-3D213163593C}.Ad-Hoc|iPhone.ActiveCfg = Release|Any CPU
		{6279C845-92F8-4333-AB99-3D213163593C}.Ad-Hoc|iPhoneSimulator.ActiveCfg = Release|Any CPU
		{6279C845-92F8-4333-AB99-3D213163593C}.Ad-Hoc|x64.ActiveCfg = Release|Any CPU
		{6279C845-92F8-4333-AB99-3D213163593C}.Ad-Hoc|x86.ActiveCfg = Release|Any CPU
		{6279C845-92F8-4333-AB99-3D213163593C}.AppStore|Any CPU.ActiveCfg = Release|Any CPU
		{6279C845-92F8-4333-AB99-3D213163593C}.AppStore|ARM.ActiveCfg = Release|Any CPU
		{6279C845-92F8-4333-AB99-3D213163593C}.AppStore|arm64.ActiveCfg = Release|Any CPU
		{6279C845-92F8-4333-AB99-3D213163593C}.AppStore|iPhone.ActiveCfg = Release|Any CPU
		{6279C845-92F8-4333-AB99-3D213163593C}.AppStore|iPhoneSimulator.ActiveCfg = Release|Any CPU
		{6279C845-92F8-4333-AB99-3D213163593C}.AppStore|x64.ActiveCfg = Release|Any CPU
		{6279C845-92F8-4333-AB99-3D213163593C}.AppStore|x86.ActiveCfg = Release|Any CPU
		{6279C845-92F8-4333-AB99-3D213163593C}.Debug|Any CPU.ActiveCfg = Debug|Any CPU
		{6279C845-92F8-4333-AB99-3D213163593C}.Debug|ARM.ActiveCfg = Debug|Any CPU
		{6279C845-92F8-4333-AB99-3D213163593C}.Debug|arm64.ActiveCfg = Debug|Any CPU
		{6279C845-92F8-4333-AB99-3D213163593C}.Debug|iPhone.ActiveCfg = Debug|Any CPU
		{6279C845-92F8-4333-AB99-3D213163593C}.Debug|iPhoneSimulator.ActiveCfg = Debug|Any CPU
		{6279C845-92F8-4333-AB99-3D213163593C}.Debug|x64.ActiveCfg = Debug|Any CPU
		{6279C845-92F8-4333-AB99-3D213163593C}.Debug|x86.ActiveCfg = Debug|Any CPU
		{6279C845-92F8-4333-AB99-3D213163593C}.Release|Any CPU.ActiveCfg = Release|Any CPU
		{6279C845-92F8-4333-AB99-3D213163593C}.Release|ARM.ActiveCfg = Release|Any CPU
		{6279C845-92F8-4333-AB99-3D213163593C}.Release|arm64.ActiveCfg = Release|Any CPU
		{6279C845-92F8-4333-AB99-3D213163593C}.Release|iPhone.ActiveCfg = Release|Any CPU
		{6279C845-92F8-4333-AB99-3D213163593C}.Release|iPhoneSimulator.ActiveCfg = Release|Any CPU
		{6279C845-92F8-4333-AB99-3D213163593C}.Release|x64.ActiveCfg = Release|Any CPU
		{6279C845-92F8-4333-AB99-3D213163593C}.Release|x86.ActiveCfg = Release|Any CPU
		{9C965421-956E-4BFA-B457-F37E7A260FA3}.Ad-Hoc|Any CPU.ActiveCfg = Release|Any CPU
		{9C965421-956E-4BFA-B457-F37E7A260FA3}.Ad-Hoc|Any CPU.Build.0 = Release|Any CPU
		{9C965421-956E-4BFA-B457-F37E7A260FA3}.Ad-Hoc|Any CPU.Deploy.0 = Release|Any CPU
		{9C965421-956E-4BFA-B457-F37E7A260FA3}.Ad-Hoc|ARM.ActiveCfg = Release|Any CPU
		{9C965421-956E-4BFA-B457-F37E7A260FA3}.Ad-Hoc|ARM.Build.0 = Release|Any CPU
		{9C965421-956E-4BFA-B457-F37E7A260FA3}.Ad-Hoc|ARM.Deploy.0 = Release|Any CPU
		{9C965421-956E-4BFA-B457-F37E7A260FA3}.Ad-Hoc|arm64.ActiveCfg = Debug|Any CPU
		{9C965421-956E-4BFA-B457-F37E7A260FA3}.Ad-Hoc|arm64.Build.0 = Debug|Any CPU
		{9C965421-956E-4BFA-B457-F37E7A260FA3}.Ad-Hoc|arm64.Deploy.0 = Debug|Any CPU
		{9C965421-956E-4BFA-B457-F37E7A260FA3}.Ad-Hoc|iPhone.ActiveCfg = Release|Any CPU
		{9C965421-956E-4BFA-B457-F37E7A260FA3}.Ad-Hoc|iPhone.Build.0 = Release|Any CPU
		{9C965421-956E-4BFA-B457-F37E7A260FA3}.Ad-Hoc|iPhone.Deploy.0 = Release|Any CPU
		{9C965421-956E-4BFA-B457-F37E7A260FA3}.Ad-Hoc|iPhoneSimulator.ActiveCfg = Release|Any CPU
		{9C965421-956E-4BFA-B457-F37E7A260FA3}.Ad-Hoc|iPhoneSimulator.Build.0 = Release|Any CPU
		{9C965421-956E-4BFA-B457-F37E7A260FA3}.Ad-Hoc|iPhoneSimulator.Deploy.0 = Release|Any CPU
		{9C965421-956E-4BFA-B457-F37E7A260FA3}.Ad-Hoc|x64.ActiveCfg = Release|Any CPU
		{9C965421-956E-4BFA-B457-F37E7A260FA3}.Ad-Hoc|x64.Build.0 = Release|Any CPU
		{9C965421-956E-4BFA-B457-F37E7A260FA3}.Ad-Hoc|x64.Deploy.0 = Release|Any CPU
		{9C965421-956E-4BFA-B457-F37E7A260FA3}.Ad-Hoc|x86.ActiveCfg = Release|Any CPU
		{9C965421-956E-4BFA-B457-F37E7A260FA3}.Ad-Hoc|x86.Build.0 = Release|Any CPU
		{9C965421-956E-4BFA-B457-F37E7A260FA3}.Ad-Hoc|x86.Deploy.0 = Release|Any CPU
		{9C965421-956E-4BFA-B457-F37E7A260FA3}.AppStore|Any CPU.ActiveCfg = Release|Any CPU
		{9C965421-956E-4BFA-B457-F37E7A260FA3}.AppStore|Any CPU.Build.0 = Release|Any CPU
		{9C965421-956E-4BFA-B457-F37E7A260FA3}.AppStore|Any CPU.Deploy.0 = Release|Any CPU
		{9C965421-956E-4BFA-B457-F37E7A260FA3}.AppStore|ARM.ActiveCfg = Release|Any CPU
		{9C965421-956E-4BFA-B457-F37E7A260FA3}.AppStore|ARM.Build.0 = Release|Any CPU
		{9C965421-956E-4BFA-B457-F37E7A260FA3}.AppStore|ARM.Deploy.0 = Release|Any CPU
		{9C965421-956E-4BFA-B457-F37E7A260FA3}.AppStore|arm64.ActiveCfg = Debug|Any CPU
		{9C965421-956E-4BFA-B457-F37E7A260FA3}.AppStore|arm64.Build.0 = Debug|Any CPU
		{9C965421-956E-4BFA-B457-F37E7A260FA3}.AppStore|arm64.Deploy.0 = Debug|Any CPU
		{9C965421-956E-4BFA-B457-F37E7A260FA3}.AppStore|iPhone.ActiveCfg = Release|Any CPU
		{9C965421-956E-4BFA-B457-F37E7A260FA3}.AppStore|iPhone.Build.0 = Release|Any CPU
		{9C965421-956E-4BFA-B457-F37E7A260FA3}.AppStore|iPhone.Deploy.0 = Release|Any CPU
		{9C965421-956E-4BFA-B457-F37E7A260FA3}.AppStore|iPhoneSimulator.ActiveCfg = Release|Any CPU
		{9C965421-956E-4BFA-B457-F37E7A260FA3}.AppStore|iPhoneSimulator.Build.0 = Release|Any CPU
		{9C965421-956E-4BFA-B457-F37E7A260FA3}.AppStore|iPhoneSimulator.Deploy.0 = Release|Any CPU
		{9C965421-956E-4BFA-B457-F37E7A260FA3}.AppStore|x64.ActiveCfg = Release|Any CPU
		{9C965421-956E-4BFA-B457-F37E7A260FA3}.AppStore|x64.Build.0 = Release|Any CPU
		{9C965421-956E-4BFA-B457-F37E7A260FA3}.AppStore|x64.Deploy.0 = Release|Any CPU
		{9C965421-956E-4BFA-B457-F37E7A260FA3}.AppStore|x86.ActiveCfg = Release|Any CPU
		{9C965421-956E-4BFA-B457-F37E7A260FA3}.AppStore|x86.Build.0 = Release|Any CPU
		{9C965421-956E-4BFA-B457-F37E7A260FA3}.AppStore|x86.Deploy.0 = Release|Any CPU
		{9C965421-956E-4BFA-B457-F37E7A260FA3}.Debug|Any CPU.ActiveCfg = Debug|Any CPU
		{9C965421-956E-4BFA-B457-F37E7A260FA3}.Debug|Any CPU.Build.0 = Debug|Any CPU
		{9C965421-956E-4BFA-B457-F37E7A260FA3}.Debug|Any CPU.Deploy.0 = Debug|Any CPU
		{9C965421-956E-4BFA-B457-F37E7A260FA3}.Debug|ARM.ActiveCfg = Debug|Any CPU
		{9C965421-956E-4BFA-B457-F37E7A260FA3}.Debug|ARM.Build.0 = Debug|Any CPU
		{9C965421-956E-4BFA-B457-F37E7A260FA3}.Debug|ARM.Deploy.0 = Debug|Any CPU
		{9C965421-956E-4BFA-B457-F37E7A260FA3}.Debug|arm64.ActiveCfg = Debug|Any CPU
		{9C965421-956E-4BFA-B457-F37E7A260FA3}.Debug|arm64.Build.0 = Debug|Any CPU
		{9C965421-956E-4BFA-B457-F37E7A260FA3}.Debug|arm64.Deploy.0 = Debug|Any CPU
		{9C965421-956E-4BFA-B457-F37E7A260FA3}.Debug|iPhone.ActiveCfg = Debug|Any CPU
		{9C965421-956E-4BFA-B457-F37E7A260FA3}.Debug|iPhone.Build.0 = Debug|Any CPU
		{9C965421-956E-4BFA-B457-F37E7A260FA3}.Debug|iPhone.Deploy.0 = Debug|Any CPU
		{9C965421-956E-4BFA-B457-F37E7A260FA3}.Debug|iPhoneSimulator.ActiveCfg = Debug|Any CPU
		{9C965421-956E-4BFA-B457-F37E7A260FA3}.Debug|iPhoneSimulator.Build.0 = Debug|Any CPU
		{9C965421-956E-4BFA-B457-F37E7A260FA3}.Debug|iPhoneSimulator.Deploy.0 = Debug|Any CPU
		{9C965421-956E-4BFA-B457-F37E7A260FA3}.Debug|x64.ActiveCfg = Debug|Any CPU
		{9C965421-956E-4BFA-B457-F37E7A260FA3}.Debug|x64.Build.0 = Debug|Any CPU
		{9C965421-956E-4BFA-B457-F37E7A260FA3}.Debug|x64.Deploy.0 = Debug|Any CPU
		{9C965421-956E-4BFA-B457-F37E7A260FA3}.Debug|x86.ActiveCfg = Debug|Any CPU
		{9C965421-956E-4BFA-B457-F37E7A260FA3}.Debug|x86.Build.0 = Debug|Any CPU
		{9C965421-956E-4BFA-B457-F37E7A260FA3}.Debug|x86.Deploy.0 = Debug|Any CPU
		{9C965421-956E-4BFA-B457-F37E7A260FA3}.Release|Any CPU.ActiveCfg = Release|Any CPU
		{9C965421-956E-4BFA-B457-F37E7A260FA3}.Release|Any CPU.Build.0 = Release|Any CPU
		{9C965421-956E-4BFA-B457-F37E7A260FA3}.Release|Any CPU.Deploy.0 = Release|Any CPU
		{9C965421-956E-4BFA-B457-F37E7A260FA3}.Release|ARM.ActiveCfg = Release|Any CPU
		{9C965421-956E-4BFA-B457-F37E7A260FA3}.Release|ARM.Build.0 = Release|Any CPU
		{9C965421-956E-4BFA-B457-F37E7A260FA3}.Release|ARM.Deploy.0 = Release|Any CPU
		{9C965421-956E-4BFA-B457-F37E7A260FA3}.Release|arm64.ActiveCfg = Release|Any CPU
		{9C965421-956E-4BFA-B457-F37E7A260FA3}.Release|arm64.Build.0 = Release|Any CPU
		{9C965421-956E-4BFA-B457-F37E7A260FA3}.Release|arm64.Deploy.0 = Release|Any CPU
		{9C965421-956E-4BFA-B457-F37E7A260FA3}.Release|iPhone.ActiveCfg = Release|Any CPU
		{9C965421-956E-4BFA-B457-F37E7A260FA3}.Release|iPhone.Build.0 = Release|Any CPU
		{9C965421-956E-4BFA-B457-F37E7A260FA3}.Release|iPhone.Deploy.0 = Release|Any CPU
		{9C965421-956E-4BFA-B457-F37E7A260FA3}.Release|iPhoneSimulator.ActiveCfg = Release|Any CPU
		{9C965421-956E-4BFA-B457-F37E7A260FA3}.Release|iPhoneSimulator.Build.0 = Release|Any CPU
		{9C965421-956E-4BFA-B457-F37E7A260FA3}.Release|iPhoneSimulator.Deploy.0 = Release|Any CPU
		{9C965421-956E-4BFA-B457-F37E7A260FA3}.Release|x64.ActiveCfg = Release|Any CPU
		{9C965421-956E-4BFA-B457-F37E7A260FA3}.Release|x64.Build.0 = Release|Any CPU
		{9C965421-956E-4BFA-B457-F37E7A260FA3}.Release|x64.Deploy.0 = Release|Any CPU
		{9C965421-956E-4BFA-B457-F37E7A260FA3}.Release|x86.ActiveCfg = Release|Any CPU
		{9C965421-956E-4BFA-B457-F37E7A260FA3}.Release|x86.Build.0 = Release|Any CPU
		{9C965421-956E-4BFA-B457-F37E7A260FA3}.Release|x86.Deploy.0 = Release|Any CPU
		{98AE58D2-CFAF-4CE8-9325-AE0044FDD1B4}.Ad-Hoc|Any CPU.ActiveCfg = Ad-Hoc|iPhone
		{98AE58D2-CFAF-4CE8-9325-AE0044FDD1B4}.Ad-Hoc|ARM.ActiveCfg = Ad-Hoc|iPhone
		{98AE58D2-CFAF-4CE8-9325-AE0044FDD1B4}.Ad-Hoc|arm64.ActiveCfg = Ad-Hoc|iPhoneSimulator
		{98AE58D2-CFAF-4CE8-9325-AE0044FDD1B4}.Ad-Hoc|arm64.Build.0 = Ad-Hoc|iPhoneSimulator
		{98AE58D2-CFAF-4CE8-9325-AE0044FDD1B4}.Ad-Hoc|arm64.Deploy.0 = Ad-Hoc|iPhoneSimulator
		{98AE58D2-CFAF-4CE8-9325-AE0044FDD1B4}.Ad-Hoc|iPhone.ActiveCfg = Ad-Hoc|iPhone
		{98AE58D2-CFAF-4CE8-9325-AE0044FDD1B4}.Ad-Hoc|iPhone.Build.0 = Ad-Hoc|iPhone
		{98AE58D2-CFAF-4CE8-9325-AE0044FDD1B4}.Ad-Hoc|iPhoneSimulator.ActiveCfg = Ad-Hoc|iPhoneSimulator
		{98AE58D2-CFAF-4CE8-9325-AE0044FDD1B4}.Ad-Hoc|iPhoneSimulator.Build.0 = Ad-Hoc|iPhoneSimulator
		{98AE58D2-CFAF-4CE8-9325-AE0044FDD1B4}.Ad-Hoc|x64.ActiveCfg = Ad-Hoc|iPhone
		{98AE58D2-CFAF-4CE8-9325-AE0044FDD1B4}.Ad-Hoc|x86.ActiveCfg = Ad-Hoc|iPhone
		{98AE58D2-CFAF-4CE8-9325-AE0044FDD1B4}.AppStore|Any CPU.ActiveCfg = AppStore|iPhone
		{98AE58D2-CFAF-4CE8-9325-AE0044FDD1B4}.AppStore|ARM.ActiveCfg = AppStore|iPhone
		{98AE58D2-CFAF-4CE8-9325-AE0044FDD1B4}.AppStore|arm64.ActiveCfg = AppStore|iPhoneSimulator
		{98AE58D2-CFAF-4CE8-9325-AE0044FDD1B4}.AppStore|arm64.Build.0 = AppStore|iPhoneSimulator
		{98AE58D2-CFAF-4CE8-9325-AE0044FDD1B4}.AppStore|arm64.Deploy.0 = AppStore|iPhoneSimulator
		{98AE58D2-CFAF-4CE8-9325-AE0044FDD1B4}.AppStore|iPhone.ActiveCfg = AppStore|iPhone
		{98AE58D2-CFAF-4CE8-9325-AE0044FDD1B4}.AppStore|iPhone.Build.0 = AppStore|iPhone
		{98AE58D2-CFAF-4CE8-9325-AE0044FDD1B4}.AppStore|iPhoneSimulator.ActiveCfg = AppStore|iPhoneSimulator
		{98AE58D2-CFAF-4CE8-9325-AE0044FDD1B4}.AppStore|iPhoneSimulator.Build.0 = AppStore|iPhoneSimulator
		{98AE58D2-CFAF-4CE8-9325-AE0044FDD1B4}.AppStore|x64.ActiveCfg = AppStore|iPhone
		{98AE58D2-CFAF-4CE8-9325-AE0044FDD1B4}.AppStore|x86.ActiveCfg = AppStore|iPhone
		{98AE58D2-CFAF-4CE8-9325-AE0044FDD1B4}.Debug|Any CPU.ActiveCfg = Debug|iPhone
		{98AE58D2-CFAF-4CE8-9325-AE0044FDD1B4}.Debug|ARM.ActiveCfg = Debug|iPhone
		{98AE58D2-CFAF-4CE8-9325-AE0044FDD1B4}.Debug|arm64.ActiveCfg = Debug|iPhoneSimulator
		{98AE58D2-CFAF-4CE8-9325-AE0044FDD1B4}.Debug|arm64.Build.0 = Debug|iPhoneSimulator
		{98AE58D2-CFAF-4CE8-9325-AE0044FDD1B4}.Debug|arm64.Deploy.0 = Debug|iPhoneSimulator
		{98AE58D2-CFAF-4CE8-9325-AE0044FDD1B4}.Debug|iPhone.ActiveCfg = Debug|Any CPU
		{98AE58D2-CFAF-4CE8-9325-AE0044FDD1B4}.Debug|iPhone.Build.0 = Debug|Any CPU
		{98AE58D2-CFAF-4CE8-9325-AE0044FDD1B4}.Debug|iPhone.Deploy.0 = Debug|Any CPU
		{98AE58D2-CFAF-4CE8-9325-AE0044FDD1B4}.Debug|iPhoneSimulator.ActiveCfg = Debug|iPhoneSimulator
		{98AE58D2-CFAF-4CE8-9325-AE0044FDD1B4}.Debug|iPhoneSimulator.Build.0 = Debug|iPhoneSimulator
		{98AE58D2-CFAF-4CE8-9325-AE0044FDD1B4}.Debug|x64.ActiveCfg = Debug|iPhone
		{98AE58D2-CFAF-4CE8-9325-AE0044FDD1B4}.Debug|x86.ActiveCfg = Debug|iPhone
		{98AE58D2-CFAF-4CE8-9325-AE0044FDD1B4}.Release|Any CPU.ActiveCfg = Release|iPhone
		{98AE58D2-CFAF-4CE8-9325-AE0044FDD1B4}.Release|ARM.ActiveCfg = Release|iPhone
		{98AE58D2-CFAF-4CE8-9325-AE0044FDD1B4}.Release|arm64.ActiveCfg = Release|iPhoneSimulator
		{98AE58D2-CFAF-4CE8-9325-AE0044FDD1B4}.Release|arm64.Build.0 = Release|iPhoneSimulator
		{98AE58D2-CFAF-4CE8-9325-AE0044FDD1B4}.Release|arm64.Deploy.0 = Release|iPhoneSimulator
		{98AE58D2-CFAF-4CE8-9325-AE0044FDD1B4}.Release|iPhone.ActiveCfg = Release|iPhone
		{98AE58D2-CFAF-4CE8-9325-AE0044FDD1B4}.Release|iPhone.Build.0 = Release|iPhone
		{98AE58D2-CFAF-4CE8-9325-AE0044FDD1B4}.Release|iPhoneSimulator.ActiveCfg = Release|iPhoneSimulator
		{98AE58D2-CFAF-4CE8-9325-AE0044FDD1B4}.Release|iPhoneSimulator.Build.0 = Release|iPhoneSimulator
		{98AE58D2-CFAF-4CE8-9325-AE0044FDD1B4}.Release|x64.ActiveCfg = Release|iPhone
		{98AE58D2-CFAF-4CE8-9325-AE0044FDD1B4}.Release|x86.ActiveCfg = Release|iPhone
		{81AB67AB-F0C9-4FFD-A55B-451FEAF48A95}.Ad-Hoc|Any CPU.ActiveCfg = Debug|Any CPU
		{81AB67AB-F0C9-4FFD-A55B-451FEAF48A95}.Ad-Hoc|Any CPU.Build.0 = Debug|Any CPU
		{81AB67AB-F0C9-4FFD-A55B-451FEAF48A95}.Ad-Hoc|ARM.ActiveCfg = Debug|Any CPU
		{81AB67AB-F0C9-4FFD-A55B-451FEAF48A95}.Ad-Hoc|ARM.Build.0 = Debug|Any CPU
		{81AB67AB-F0C9-4FFD-A55B-451FEAF48A95}.Ad-Hoc|arm64.ActiveCfg = Release|Any CPU
		{81AB67AB-F0C9-4FFD-A55B-451FEAF48A95}.Ad-Hoc|arm64.Build.0 = Release|Any CPU
		{81AB67AB-F0C9-4FFD-A55B-451FEAF48A95}.Ad-Hoc|iPhone.ActiveCfg = Debug|Any CPU
		{81AB67AB-F0C9-4FFD-A55B-451FEAF48A95}.Ad-Hoc|iPhone.Build.0 = Debug|Any CPU
		{81AB67AB-F0C9-4FFD-A55B-451FEAF48A95}.Ad-Hoc|iPhoneSimulator.ActiveCfg = Debug|Any CPU
		{81AB67AB-F0C9-4FFD-A55B-451FEAF48A95}.Ad-Hoc|iPhoneSimulator.Build.0 = Debug|Any CPU
		{81AB67AB-F0C9-4FFD-A55B-451FEAF48A95}.Ad-Hoc|x64.ActiveCfg = Debug|Any CPU
		{81AB67AB-F0C9-4FFD-A55B-451FEAF48A95}.Ad-Hoc|x64.Build.0 = Debug|Any CPU
		{81AB67AB-F0C9-4FFD-A55B-451FEAF48A95}.Ad-Hoc|x86.ActiveCfg = Debug|Any CPU
		{81AB67AB-F0C9-4FFD-A55B-451FEAF48A95}.Ad-Hoc|x86.Build.0 = Debug|Any CPU
		{81AB67AB-F0C9-4FFD-A55B-451FEAF48A95}.AppStore|Any CPU.ActiveCfg = Debug|Any CPU
		{81AB67AB-F0C9-4FFD-A55B-451FEAF48A95}.AppStore|Any CPU.Build.0 = Debug|Any CPU
		{81AB67AB-F0C9-4FFD-A55B-451FEAF48A95}.AppStore|ARM.ActiveCfg = Debug|Any CPU
		{81AB67AB-F0C9-4FFD-A55B-451FEAF48A95}.AppStore|ARM.Build.0 = Debug|Any CPU
		{81AB67AB-F0C9-4FFD-A55B-451FEAF48A95}.AppStore|arm64.ActiveCfg = Release|Any CPU
		{81AB67AB-F0C9-4FFD-A55B-451FEAF48A95}.AppStore|arm64.Build.0 = Release|Any CPU
		{81AB67AB-F0C9-4FFD-A55B-451FEAF48A95}.AppStore|iPhone.ActiveCfg = Debug|Any CPU
		{81AB67AB-F0C9-4FFD-A55B-451FEAF48A95}.AppStore|iPhone.Build.0 = Debug|Any CPU
		{81AB67AB-F0C9-4FFD-A55B-451FEAF48A95}.AppStore|iPhoneSimulator.ActiveCfg = Debug|Any CPU
		{81AB67AB-F0C9-4FFD-A55B-451FEAF48A95}.AppStore|iPhoneSimulator.Build.0 = Debug|Any CPU
		{81AB67AB-F0C9-4FFD-A55B-451FEAF48A95}.AppStore|x64.ActiveCfg = Debug|Any CPU
		{81AB67AB-F0C9-4FFD-A55B-451FEAF48A95}.AppStore|x64.Build.0 = Debug|Any CPU
		{81AB67AB-F0C9-4FFD-A55B-451FEAF48A95}.AppStore|x86.ActiveCfg = Debug|Any CPU
		{81AB67AB-F0C9-4FFD-A55B-451FEAF48A95}.AppStore|x86.Build.0 = Debug|Any CPU
		{81AB67AB-F0C9-4FFD-A55B-451FEAF48A95}.Debug|Any CPU.ActiveCfg = Debug|Any CPU
		{81AB67AB-F0C9-4FFD-A55B-451FEAF48A95}.Debug|Any CPU.Build.0 = Debug|Any CPU
		{81AB67AB-F0C9-4FFD-A55B-451FEAF48A95}.Debug|ARM.ActiveCfg = Debug|Any CPU
		{81AB67AB-F0C9-4FFD-A55B-451FEAF48A95}.Debug|ARM.Build.0 = Debug|Any CPU
		{81AB67AB-F0C9-4FFD-A55B-451FEAF48A95}.Debug|arm64.ActiveCfg = Debug|Any CPU
		{81AB67AB-F0C9-4FFD-A55B-451FEAF48A95}.Debug|arm64.Build.0 = Debug|Any CPU
		{81AB67AB-F0C9-4FFD-A55B-451FEAF48A95}.Debug|iPhone.ActiveCfg = Debug|Any CPU
		{81AB67AB-F0C9-4FFD-A55B-451FEAF48A95}.Debug|iPhone.Build.0 = Debug|Any CPU
		{81AB67AB-F0C9-4FFD-A55B-451FEAF48A95}.Debug|iPhoneSimulator.ActiveCfg = Debug|Any CPU
		{81AB67AB-F0C9-4FFD-A55B-451FEAF48A95}.Debug|iPhoneSimulator.Build.0 = Debug|Any CPU
		{81AB67AB-F0C9-4FFD-A55B-451FEAF48A95}.Debug|x64.ActiveCfg = Debug|Any CPU
		{81AB67AB-F0C9-4FFD-A55B-451FEAF48A95}.Debug|x64.Build.0 = Debug|Any CPU
		{81AB67AB-F0C9-4FFD-A55B-451FEAF48A95}.Debug|x86.ActiveCfg = Debug|Any CPU
		{81AB67AB-F0C9-4FFD-A55B-451FEAF48A95}.Debug|x86.Build.0 = Debug|Any CPU
		{81AB67AB-F0C9-4FFD-A55B-451FEAF48A95}.Release|Any CPU.ActiveCfg = Release|Any CPU
		{81AB67AB-F0C9-4FFD-A55B-451FEAF48A95}.Release|Any CPU.Build.0 = Release|Any CPU
		{81AB67AB-F0C9-4FFD-A55B-451FEAF48A95}.Release|ARM.ActiveCfg = Release|Any CPU
		{81AB67AB-F0C9-4FFD-A55B-451FEAF48A95}.Release|ARM.Build.0 = Release|Any CPU
		{81AB67AB-F0C9-4FFD-A55B-451FEAF48A95}.Release|arm64.ActiveCfg = Release|Any CPU
		{81AB67AB-F0C9-4FFD-A55B-451FEAF48A95}.Release|arm64.Build.0 = Release|Any CPU
		{81AB67AB-F0C9-4FFD-A55B-451FEAF48A95}.Release|iPhone.ActiveCfg = Release|Any CPU
		{81AB67AB-F0C9-4FFD-A55B-451FEAF48A95}.Release|iPhone.Build.0 = Release|Any CPU
		{81AB67AB-F0C9-4FFD-A55B-451FEAF48A95}.Release|iPhoneSimulator.ActiveCfg = Release|Any CPU
		{81AB67AB-F0C9-4FFD-A55B-451FEAF48A95}.Release|iPhoneSimulator.Build.0 = Release|Any CPU
		{81AB67AB-F0C9-4FFD-A55B-451FEAF48A95}.Release|x64.ActiveCfg = Release|Any CPU
		{81AB67AB-F0C9-4FFD-A55B-451FEAF48A95}.Release|x64.Build.0 = Release|Any CPU
		{81AB67AB-F0C9-4FFD-A55B-451FEAF48A95}.Release|x86.ActiveCfg = Release|Any CPU
		{81AB67AB-F0C9-4FFD-A55B-451FEAF48A95}.Release|x86.Build.0 = Release|Any CPU
		{7D784886-D27D-4DE6-8F3C-3C05EE91546A}.Ad-Hoc|Any CPU.ActiveCfg = Debug|x64
		{7D784886-D27D-4DE6-8F3C-3C05EE91546A}.Ad-Hoc|Any CPU.Build.0 = Debug|x64
		{7D784886-D27D-4DE6-8F3C-3C05EE91546A}.Ad-Hoc|Any CPU.Deploy.0 = Debug|x64
		{7D784886-D27D-4DE6-8F3C-3C05EE91546A}.Ad-Hoc|ARM.ActiveCfg = Debug|x64
		{7D784886-D27D-4DE6-8F3C-3C05EE91546A}.Ad-Hoc|ARM.Build.0 = Debug|x64
		{7D784886-D27D-4DE6-8F3C-3C05EE91546A}.Ad-Hoc|ARM.Deploy.0 = Debug|x64
		{7D784886-D27D-4DE6-8F3C-3C05EE91546A}.Ad-Hoc|arm64.ActiveCfg = Debug|arm64
		{7D784886-D27D-4DE6-8F3C-3C05EE91546A}.Ad-Hoc|arm64.Build.0 = Debug|arm64
		{7D784886-D27D-4DE6-8F3C-3C05EE91546A}.Ad-Hoc|arm64.Deploy.0 = Debug|arm64
		{7D784886-D27D-4DE6-8F3C-3C05EE91546A}.Ad-Hoc|iPhone.ActiveCfg = Debug|x64
		{7D784886-D27D-4DE6-8F3C-3C05EE91546A}.Ad-Hoc|iPhone.Build.0 = Debug|x64
		{7D784886-D27D-4DE6-8F3C-3C05EE91546A}.Ad-Hoc|iPhone.Deploy.0 = Debug|x64
		{7D784886-D27D-4DE6-8F3C-3C05EE91546A}.Ad-Hoc|iPhoneSimulator.ActiveCfg = Debug|x64
		{7D784886-D27D-4DE6-8F3C-3C05EE91546A}.Ad-Hoc|iPhoneSimulator.Build.0 = Debug|x64
		{7D784886-D27D-4DE6-8F3C-3C05EE91546A}.Ad-Hoc|iPhoneSimulator.Deploy.0 = Debug|x64
		{7D784886-D27D-4DE6-8F3C-3C05EE91546A}.Ad-Hoc|x64.ActiveCfg = Debug|x64
		{7D784886-D27D-4DE6-8F3C-3C05EE91546A}.Ad-Hoc|x64.Build.0 = Debug|x64
		{7D784886-D27D-4DE6-8F3C-3C05EE91546A}.Ad-Hoc|x64.Deploy.0 = Debug|x64
		{7D784886-D27D-4DE6-8F3C-3C05EE91546A}.Ad-Hoc|x86.ActiveCfg = Debug|x86
		{7D784886-D27D-4DE6-8F3C-3C05EE91546A}.Ad-Hoc|x86.Build.0 = Debug|x86
		{7D784886-D27D-4DE6-8F3C-3C05EE91546A}.Ad-Hoc|x86.Deploy.0 = Debug|x86
		{7D784886-D27D-4DE6-8F3C-3C05EE91546A}.AppStore|Any CPU.ActiveCfg = Debug|x64
		{7D784886-D27D-4DE6-8F3C-3C05EE91546A}.AppStore|Any CPU.Build.0 = Debug|x64
		{7D784886-D27D-4DE6-8F3C-3C05EE91546A}.AppStore|Any CPU.Deploy.0 = Debug|x64
		{7D784886-D27D-4DE6-8F3C-3C05EE91546A}.AppStore|ARM.ActiveCfg = Debug|x64
		{7D784886-D27D-4DE6-8F3C-3C05EE91546A}.AppStore|ARM.Build.0 = Debug|x64
		{7D784886-D27D-4DE6-8F3C-3C05EE91546A}.AppStore|ARM.Deploy.0 = Debug|x64
		{7D784886-D27D-4DE6-8F3C-3C05EE91546A}.AppStore|arm64.ActiveCfg = Debug|arm64
		{7D784886-D27D-4DE6-8F3C-3C05EE91546A}.AppStore|arm64.Build.0 = Debug|arm64
		{7D784886-D27D-4DE6-8F3C-3C05EE91546A}.AppStore|arm64.Deploy.0 = Debug|arm64
		{7D784886-D27D-4DE6-8F3C-3C05EE91546A}.AppStore|iPhone.ActiveCfg = Debug|x64
		{7D784886-D27D-4DE6-8F3C-3C05EE91546A}.AppStore|iPhone.Build.0 = Debug|x64
		{7D784886-D27D-4DE6-8F3C-3C05EE91546A}.AppStore|iPhone.Deploy.0 = Debug|x64
		{7D784886-D27D-4DE6-8F3C-3C05EE91546A}.AppStore|iPhoneSimulator.ActiveCfg = Debug|x64
		{7D784886-D27D-4DE6-8F3C-3C05EE91546A}.AppStore|iPhoneSimulator.Build.0 = Debug|x64
		{7D784886-D27D-4DE6-8F3C-3C05EE91546A}.AppStore|iPhoneSimulator.Deploy.0 = Debug|x64
		{7D784886-D27D-4DE6-8F3C-3C05EE91546A}.AppStore|x64.ActiveCfg = Debug|x64
		{7D784886-D27D-4DE6-8F3C-3C05EE91546A}.AppStore|x64.Build.0 = Debug|x64
		{7D784886-D27D-4DE6-8F3C-3C05EE91546A}.AppStore|x64.Deploy.0 = Debug|x64
		{7D784886-D27D-4DE6-8F3C-3C05EE91546A}.AppStore|x86.ActiveCfg = Debug|x86
		{7D784886-D27D-4DE6-8F3C-3C05EE91546A}.AppStore|x86.Build.0 = Debug|x86
		{7D784886-D27D-4DE6-8F3C-3C05EE91546A}.AppStore|x86.Deploy.0 = Debug|x86
		{7D784886-D27D-4DE6-8F3C-3C05EE91546A}.Debug|Any CPU.ActiveCfg = Debug|x64
		{7D784886-D27D-4DE6-8F3C-3C05EE91546A}.Debug|Any CPU.Build.0 = Debug|x64
		{7D784886-D27D-4DE6-8F3C-3C05EE91546A}.Debug|Any CPU.Deploy.0 = Debug|x64
		{7D784886-D27D-4DE6-8F3C-3C05EE91546A}.Debug|ARM.ActiveCfg = Debug|x64
		{7D784886-D27D-4DE6-8F3C-3C05EE91546A}.Debug|ARM.Build.0 = Debug|x64
		{7D784886-D27D-4DE6-8F3C-3C05EE91546A}.Debug|ARM.Deploy.0 = Debug|x64
		{7D784886-D27D-4DE6-8F3C-3C05EE91546A}.Debug|arm64.ActiveCfg = Debug|arm64
		{7D784886-D27D-4DE6-8F3C-3C05EE91546A}.Debug|arm64.Build.0 = Debug|arm64
		{7D784886-D27D-4DE6-8F3C-3C05EE91546A}.Debug|arm64.Deploy.0 = Debug|arm64
		{7D784886-D27D-4DE6-8F3C-3C05EE91546A}.Debug|iPhone.ActiveCfg = Debug|x64
		{7D784886-D27D-4DE6-8F3C-3C05EE91546A}.Debug|iPhone.Build.0 = Debug|x64
		{7D784886-D27D-4DE6-8F3C-3C05EE91546A}.Debug|iPhone.Deploy.0 = Debug|x64
		{7D784886-D27D-4DE6-8F3C-3C05EE91546A}.Debug|iPhoneSimulator.ActiveCfg = Debug|x64
		{7D784886-D27D-4DE6-8F3C-3C05EE91546A}.Debug|iPhoneSimulator.Build.0 = Debug|x64
		{7D784886-D27D-4DE6-8F3C-3C05EE91546A}.Debug|iPhoneSimulator.Deploy.0 = Debug|x64
		{7D784886-D27D-4DE6-8F3C-3C05EE91546A}.Debug|x64.ActiveCfg = Debug|x64
		{7D784886-D27D-4DE6-8F3C-3C05EE91546A}.Debug|x64.Build.0 = Debug|x64
		{7D784886-D27D-4DE6-8F3C-3C05EE91546A}.Debug|x64.Deploy.0 = Debug|x64
		{7D784886-D27D-4DE6-8F3C-3C05EE91546A}.Debug|x86.ActiveCfg = Debug|x86
		{7D784886-D27D-4DE6-8F3C-3C05EE91546A}.Debug|x86.Build.0 = Debug|x86
		{7D784886-D27D-4DE6-8F3C-3C05EE91546A}.Debug|x86.Deploy.0 = Debug|x86
		{7D784886-D27D-4DE6-8F3C-3C05EE91546A}.Release|Any CPU.ActiveCfg = Release|x64
		{7D784886-D27D-4DE6-8F3C-3C05EE91546A}.Release|Any CPU.Build.0 = Release|x64
		{7D784886-D27D-4DE6-8F3C-3C05EE91546A}.Release|Any CPU.Deploy.0 = Release|x64
		{7D784886-D27D-4DE6-8F3C-3C05EE91546A}.Release|ARM.ActiveCfg = Release|x64
		{7D784886-D27D-4DE6-8F3C-3C05EE91546A}.Release|ARM.Build.0 = Release|x64
		{7D784886-D27D-4DE6-8F3C-3C05EE91546A}.Release|ARM.Deploy.0 = Release|x64
		{7D784886-D27D-4DE6-8F3C-3C05EE91546A}.Release|arm64.ActiveCfg = Release|arm64
		{7D784886-D27D-4DE6-8F3C-3C05EE91546A}.Release|arm64.Build.0 = Release|arm64
		{7D784886-D27D-4DE6-8F3C-3C05EE91546A}.Release|arm64.Deploy.0 = Release|arm64
		{7D784886-D27D-4DE6-8F3C-3C05EE91546A}.Release|iPhone.ActiveCfg = Release|x64
		{7D784886-D27D-4DE6-8F3C-3C05EE91546A}.Release|iPhone.Build.0 = Release|x64
		{7D784886-D27D-4DE6-8F3C-3C05EE91546A}.Release|iPhone.Deploy.0 = Release|x64
		{7D784886-D27D-4DE6-8F3C-3C05EE91546A}.Release|iPhoneSimulator.ActiveCfg = Release|x64
		{7D784886-D27D-4DE6-8F3C-3C05EE91546A}.Release|iPhoneSimulator.Build.0 = Release|x64
		{7D784886-D27D-4DE6-8F3C-3C05EE91546A}.Release|iPhoneSimulator.Deploy.0 = Release|x64
		{7D784886-D27D-4DE6-8F3C-3C05EE91546A}.Release|x64.ActiveCfg = Release|x64
		{7D784886-D27D-4DE6-8F3C-3C05EE91546A}.Release|x64.Build.0 = Release|x64
		{7D784886-D27D-4DE6-8F3C-3C05EE91546A}.Release|x64.Deploy.0 = Release|x64
		{7D784886-D27D-4DE6-8F3C-3C05EE91546A}.Release|x86.ActiveCfg = Release|x86
		{7D784886-D27D-4DE6-8F3C-3C05EE91546A}.Release|x86.Build.0 = Release|x86
		{7D784886-D27D-4DE6-8F3C-3C05EE91546A}.Release|x86.Deploy.0 = Release|x86
		{E349C25C-4284-4075-8CB4-F03878E0139E}.Ad-Hoc|Any CPU.ActiveCfg = Debug|x64
		{E349C25C-4284-4075-8CB4-F03878E0139E}.Ad-Hoc|Any CPU.Build.0 = Debug|x64
		{E349C25C-4284-4075-8CB4-F03878E0139E}.Ad-Hoc|ARM.ActiveCfg = Debug|x64
		{E349C25C-4284-4075-8CB4-F03878E0139E}.Ad-Hoc|ARM.Build.0 = Debug|x64
		{E349C25C-4284-4075-8CB4-F03878E0139E}.Ad-Hoc|arm64.ActiveCfg = Debug|arm64
		{E349C25C-4284-4075-8CB4-F03878E0139E}.Ad-Hoc|arm64.Build.0 = Debug|arm64
		{E349C25C-4284-4075-8CB4-F03878E0139E}.Ad-Hoc|iPhone.ActiveCfg = Debug|x64
		{E349C25C-4284-4075-8CB4-F03878E0139E}.Ad-Hoc|iPhone.Build.0 = Debug|x64
		{E349C25C-4284-4075-8CB4-F03878E0139E}.Ad-Hoc|iPhoneSimulator.ActiveCfg = Debug|x64
		{E349C25C-4284-4075-8CB4-F03878E0139E}.Ad-Hoc|iPhoneSimulator.Build.0 = Debug|x64
		{E349C25C-4284-4075-8CB4-F03878E0139E}.Ad-Hoc|x64.ActiveCfg = Debug|x64
		{E349C25C-4284-4075-8CB4-F03878E0139E}.Ad-Hoc|x64.Build.0 = Debug|x64
		{E349C25C-4284-4075-8CB4-F03878E0139E}.Ad-Hoc|x86.ActiveCfg = Debug|x86
		{E349C25C-4284-4075-8CB4-F03878E0139E}.Ad-Hoc|x86.Build.0 = Debug|x86
		{E349C25C-4284-4075-8CB4-F03878E0139E}.AppStore|Any CPU.ActiveCfg = Debug|x64
		{E349C25C-4284-4075-8CB4-F03878E0139E}.AppStore|Any CPU.Build.0 = Debug|x64
		{E349C25C-4284-4075-8CB4-F03878E0139E}.AppStore|ARM.ActiveCfg = Debug|x64
		{E349C25C-4284-4075-8CB4-F03878E0139E}.AppStore|ARM.Build.0 = Debug|x64
		{E349C25C-4284-4075-8CB4-F03878E0139E}.AppStore|arm64.ActiveCfg = Debug|arm64
		{E349C25C-4284-4075-8CB4-F03878E0139E}.AppStore|arm64.Build.0 = Debug|arm64
		{E349C25C-4284-4075-8CB4-F03878E0139E}.AppStore|iPhone.ActiveCfg = Debug|x64
		{E349C25C-4284-4075-8CB4-F03878E0139E}.AppStore|iPhone.Build.0 = Debug|x64
		{E349C25C-4284-4075-8CB4-F03878E0139E}.AppStore|iPhoneSimulator.ActiveCfg = Debug|x64
		{E349C25C-4284-4075-8CB4-F03878E0139E}.AppStore|iPhoneSimulator.Build.0 = Debug|x64
		{E349C25C-4284-4075-8CB4-F03878E0139E}.AppStore|x64.ActiveCfg = Debug|x64
		{E349C25C-4284-4075-8CB4-F03878E0139E}.AppStore|x64.Build.0 = Debug|x64
		{E349C25C-4284-4075-8CB4-F03878E0139E}.AppStore|x86.ActiveCfg = Debug|x86
		{E349C25C-4284-4075-8CB4-F03878E0139E}.AppStore|x86.Build.0 = Debug|x86
		{E349C25C-4284-4075-8CB4-F03878E0139E}.Debug|Any CPU.ActiveCfg = Debug|x64
		{E349C25C-4284-4075-8CB4-F03878E0139E}.Debug|Any CPU.Build.0 = Debug|x64
		{E349C25C-4284-4075-8CB4-F03878E0139E}.Debug|ARM.ActiveCfg = Debug|x64
		{E349C25C-4284-4075-8CB4-F03878E0139E}.Debug|ARM.Build.0 = Debug|x64
		{E349C25C-4284-4075-8CB4-F03878E0139E}.Debug|arm64.ActiveCfg = Debug|arm64
		{E349C25C-4284-4075-8CB4-F03878E0139E}.Debug|arm64.Build.0 = Debug|arm64
		{E349C25C-4284-4075-8CB4-F03878E0139E}.Debug|iPhone.ActiveCfg = Debug|x64
		{E349C25C-4284-4075-8CB4-F03878E0139E}.Debug|iPhone.Build.0 = Debug|x64
		{E349C25C-4284-4075-8CB4-F03878E0139E}.Debug|iPhoneSimulator.ActiveCfg = Debug|x64
		{E349C25C-4284-4075-8CB4-F03878E0139E}.Debug|iPhoneSimulator.Build.0 = Debug|x64
		{E349C25C-4284-4075-8CB4-F03878E0139E}.Debug|x64.ActiveCfg = Debug|x64
		{E349C25C-4284-4075-8CB4-F03878E0139E}.Debug|x64.Build.0 = Debug|x64
		{E349C25C-4284-4075-8CB4-F03878E0139E}.Debug|x86.ActiveCfg = Debug|x86
		{E349C25C-4284-4075-8CB4-F03878E0139E}.Debug|x86.Build.0 = Debug|x86
		{E349C25C-4284-4075-8CB4-F03878E0139E}.Release|Any CPU.ActiveCfg = Release|x64
		{E349C25C-4284-4075-8CB4-F03878E0139E}.Release|Any CPU.Build.0 = Release|x64
		{E349C25C-4284-4075-8CB4-F03878E0139E}.Release|ARM.ActiveCfg = Release|x64
		{E349C25C-4284-4075-8CB4-F03878E0139E}.Release|ARM.Build.0 = Release|x64
		{E349C25C-4284-4075-8CB4-F03878E0139E}.Release|arm64.ActiveCfg = Release|arm64
		{E349C25C-4284-4075-8CB4-F03878E0139E}.Release|arm64.Build.0 = Release|arm64
		{E349C25C-4284-4075-8CB4-F03878E0139E}.Release|iPhone.ActiveCfg = Release|x64
		{E349C25C-4284-4075-8CB4-F03878E0139E}.Release|iPhone.Build.0 = Release|x64
		{E349C25C-4284-4075-8CB4-F03878E0139E}.Release|iPhoneSimulator.ActiveCfg = Release|x64
		{E349C25C-4284-4075-8CB4-F03878E0139E}.Release|iPhoneSimulator.Build.0 = Release|x64
		{E349C25C-4284-4075-8CB4-F03878E0139E}.Release|x64.ActiveCfg = Release|x64
		{E349C25C-4284-4075-8CB4-F03878E0139E}.Release|x64.Build.0 = Release|x64
		{E349C25C-4284-4075-8CB4-F03878E0139E}.Release|x86.ActiveCfg = Release|x86
		{E349C25C-4284-4075-8CB4-F03878E0139E}.Release|x86.Build.0 = Release|x86
		{C7C63DB4-CCAF-4648-A7F9-924D22E3F16B}.Ad-Hoc|Any CPU.ActiveCfg = Debug|Any CPU
		{C7C63DB4-CCAF-4648-A7F9-924D22E3F16B}.Ad-Hoc|Any CPU.Build.0 = Debug|Any CPU
		{C7C63DB4-CCAF-4648-A7F9-924D22E3F16B}.Ad-Hoc|ARM.ActiveCfg = Debug|Any CPU
		{C7C63DB4-CCAF-4648-A7F9-924D22E3F16B}.Ad-Hoc|ARM.Build.0 = Debug|Any CPU
		{C7C63DB4-CCAF-4648-A7F9-924D22E3F16B}.Ad-Hoc|arm64.ActiveCfg = Debug|Any CPU
		{C7C63DB4-CCAF-4648-A7F9-924D22E3F16B}.Ad-Hoc|arm64.Build.0 = Debug|Any CPU
		{C7C63DB4-CCAF-4648-A7F9-924D22E3F16B}.Ad-Hoc|iPhone.ActiveCfg = Debug|Any CPU
		{C7C63DB4-CCAF-4648-A7F9-924D22E3F16B}.Ad-Hoc|iPhone.Build.0 = Debug|Any CPU
		{C7C63DB4-CCAF-4648-A7F9-924D22E3F16B}.Ad-Hoc|iPhoneSimulator.ActiveCfg = Debug|Any CPU
		{C7C63DB4-CCAF-4648-A7F9-924D22E3F16B}.Ad-Hoc|iPhoneSimulator.Build.0 = Debug|Any CPU
		{C7C63DB4-CCAF-4648-A7F9-924D22E3F16B}.Ad-Hoc|x64.ActiveCfg = Debug|Any CPU
		{C7C63DB4-CCAF-4648-A7F9-924D22E3F16B}.Ad-Hoc|x64.Build.0 = Debug|Any CPU
		{C7C63DB4-CCAF-4648-A7F9-924D22E3F16B}.Ad-Hoc|x86.ActiveCfg = Debug|Any CPU
		{C7C63DB4-CCAF-4648-A7F9-924D22E3F16B}.Ad-Hoc|x86.Build.0 = Debug|Any CPU
		{C7C63DB4-CCAF-4648-A7F9-924D22E3F16B}.AppStore|Any CPU.ActiveCfg = Debug|Any CPU
		{C7C63DB4-CCAF-4648-A7F9-924D22E3F16B}.AppStore|Any CPU.Build.0 = Debug|Any CPU
		{C7C63DB4-CCAF-4648-A7F9-924D22E3F16B}.AppStore|ARM.ActiveCfg = Debug|Any CPU
		{C7C63DB4-CCAF-4648-A7F9-924D22E3F16B}.AppStore|ARM.Build.0 = Debug|Any CPU
		{C7C63DB4-CCAF-4648-A7F9-924D22E3F16B}.AppStore|arm64.ActiveCfg = Debug|Any CPU
		{C7C63DB4-CCAF-4648-A7F9-924D22E3F16B}.AppStore|arm64.Build.0 = Debug|Any CPU
		{C7C63DB4-CCAF-4648-A7F9-924D22E3F16B}.AppStore|iPhone.ActiveCfg = Debug|Any CPU
		{C7C63DB4-CCAF-4648-A7F9-924D22E3F16B}.AppStore|iPhone.Build.0 = Debug|Any CPU
		{C7C63DB4-CCAF-4648-A7F9-924D22E3F16B}.AppStore|iPhoneSimulator.ActiveCfg = Debug|Any CPU
		{C7C63DB4-CCAF-4648-A7F9-924D22E3F16B}.AppStore|iPhoneSimulator.Build.0 = Debug|Any CPU
		{C7C63DB4-CCAF-4648-A7F9-924D22E3F16B}.AppStore|x64.ActiveCfg = Debug|Any CPU
		{C7C63DB4-CCAF-4648-A7F9-924D22E3F16B}.AppStore|x64.Build.0 = Debug|Any CPU
		{C7C63DB4-CCAF-4648-A7F9-924D22E3F16B}.AppStore|x86.ActiveCfg = Debug|Any CPU
		{C7C63DB4-CCAF-4648-A7F9-924D22E3F16B}.AppStore|x86.Build.0 = Debug|Any CPU
		{C7C63DB4-CCAF-4648-A7F9-924D22E3F16B}.Debug|Any CPU.ActiveCfg = Debug|Any CPU
		{C7C63DB4-CCAF-4648-A7F9-924D22E3F16B}.Debug|Any CPU.Build.0 = Debug|Any CPU
		{C7C63DB4-CCAF-4648-A7F9-924D22E3F16B}.Debug|ARM.ActiveCfg = Debug|Any CPU
		{C7C63DB4-CCAF-4648-A7F9-924D22E3F16B}.Debug|ARM.Build.0 = Debug|Any CPU
		{C7C63DB4-CCAF-4648-A7F9-924D22E3F16B}.Debug|arm64.ActiveCfg = Debug|Any CPU
		{C7C63DB4-CCAF-4648-A7F9-924D22E3F16B}.Debug|arm64.Build.0 = Debug|Any CPU
		{C7C63DB4-CCAF-4648-A7F9-924D22E3F16B}.Debug|iPhone.ActiveCfg = Debug|Any CPU
		{C7C63DB4-CCAF-4648-A7F9-924D22E3F16B}.Debug|iPhone.Build.0 = Debug|Any CPU
		{C7C63DB4-CCAF-4648-A7F9-924D22E3F16B}.Debug|iPhoneSimulator.ActiveCfg = Debug|Any CPU
		{C7C63DB4-CCAF-4648-A7F9-924D22E3F16B}.Debug|iPhoneSimulator.Build.0 = Debug|Any CPU
		{C7C63DB4-CCAF-4648-A7F9-924D22E3F16B}.Debug|x64.ActiveCfg = Debug|Any CPU
		{C7C63DB4-CCAF-4648-A7F9-924D22E3F16B}.Debug|x64.Build.0 = Debug|Any CPU
		{C7C63DB4-CCAF-4648-A7F9-924D22E3F16B}.Debug|x86.ActiveCfg = Debug|Any CPU
		{C7C63DB4-CCAF-4648-A7F9-924D22E3F16B}.Debug|x86.Build.0 = Debug|Any CPU
		{C7C63DB4-CCAF-4648-A7F9-924D22E3F16B}.Release|Any CPU.ActiveCfg = Release|Any CPU
		{C7C63DB4-CCAF-4648-A7F9-924D22E3F16B}.Release|Any CPU.Build.0 = Release|Any CPU
		{C7C63DB4-CCAF-4648-A7F9-924D22E3F16B}.Release|ARM.ActiveCfg = Release|Any CPU
		{C7C63DB4-CCAF-4648-A7F9-924D22E3F16B}.Release|ARM.Build.0 = Release|Any CPU
		{C7C63DB4-CCAF-4648-A7F9-924D22E3F16B}.Release|arm64.ActiveCfg = Release|Any CPU
		{C7C63DB4-CCAF-4648-A7F9-924D22E3F16B}.Release|arm64.Build.0 = Release|Any CPU
		{C7C63DB4-CCAF-4648-A7F9-924D22E3F16B}.Release|iPhone.ActiveCfg = Release|Any CPU
		{C7C63DB4-CCAF-4648-A7F9-924D22E3F16B}.Release|iPhone.Build.0 = Release|Any CPU
		{C7C63DB4-CCAF-4648-A7F9-924D22E3F16B}.Release|iPhoneSimulator.ActiveCfg = Release|Any CPU
		{C7C63DB4-CCAF-4648-A7F9-924D22E3F16B}.Release|iPhoneSimulator.Build.0 = Release|Any CPU
		{C7C63DB4-CCAF-4648-A7F9-924D22E3F16B}.Release|x64.ActiveCfg = Release|Any CPU
		{C7C63DB4-CCAF-4648-A7F9-924D22E3F16B}.Release|x64.Build.0 = Release|Any CPU
		{C7C63DB4-CCAF-4648-A7F9-924D22E3F16B}.Release|x86.ActiveCfg = Release|Any CPU
		{C7C63DB4-CCAF-4648-A7F9-924D22E3F16B}.Release|x86.Build.0 = Release|Any CPU
		{7420F5DA-155E-463A-9B05-B0585EB09496}.Ad-Hoc|Any CPU.ActiveCfg = Debug|Any CPU
		{7420F5DA-155E-463A-9B05-B0585EB09496}.Ad-Hoc|Any CPU.Build.0 = Debug|Any CPU
		{7420F5DA-155E-463A-9B05-B0585EB09496}.Ad-Hoc|ARM.ActiveCfg = Debug|Any CPU
		{7420F5DA-155E-463A-9B05-B0585EB09496}.Ad-Hoc|ARM.Build.0 = Debug|Any CPU
		{7420F5DA-155E-463A-9B05-B0585EB09496}.Ad-Hoc|arm64.ActiveCfg = Debug|Any CPU
		{7420F5DA-155E-463A-9B05-B0585EB09496}.Ad-Hoc|arm64.Build.0 = Debug|Any CPU
		{7420F5DA-155E-463A-9B05-B0585EB09496}.Ad-Hoc|iPhone.ActiveCfg = Debug|Any CPU
		{7420F5DA-155E-463A-9B05-B0585EB09496}.Ad-Hoc|iPhone.Build.0 = Debug|Any CPU
		{7420F5DA-155E-463A-9B05-B0585EB09496}.Ad-Hoc|iPhoneSimulator.ActiveCfg = Debug|Any CPU
		{7420F5DA-155E-463A-9B05-B0585EB09496}.Ad-Hoc|iPhoneSimulator.Build.0 = Debug|Any CPU
		{7420F5DA-155E-463A-9B05-B0585EB09496}.Ad-Hoc|x64.ActiveCfg = Debug|Any CPU
		{7420F5DA-155E-463A-9B05-B0585EB09496}.Ad-Hoc|x64.Build.0 = Debug|Any CPU
		{7420F5DA-155E-463A-9B05-B0585EB09496}.Ad-Hoc|x86.ActiveCfg = Debug|Any CPU
		{7420F5DA-155E-463A-9B05-B0585EB09496}.Ad-Hoc|x86.Build.0 = Debug|Any CPU
		{7420F5DA-155E-463A-9B05-B0585EB09496}.AppStore|Any CPU.ActiveCfg = Debug|Any CPU
		{7420F5DA-155E-463A-9B05-B0585EB09496}.AppStore|Any CPU.Build.0 = Debug|Any CPU
		{7420F5DA-155E-463A-9B05-B0585EB09496}.AppStore|ARM.ActiveCfg = Debug|Any CPU
		{7420F5DA-155E-463A-9B05-B0585EB09496}.AppStore|ARM.Build.0 = Debug|Any CPU
		{7420F5DA-155E-463A-9B05-B0585EB09496}.AppStore|arm64.ActiveCfg = Debug|Any CPU
		{7420F5DA-155E-463A-9B05-B0585EB09496}.AppStore|arm64.Build.0 = Debug|Any CPU
		{7420F5DA-155E-463A-9B05-B0585EB09496}.AppStore|iPhone.ActiveCfg = Debug|Any CPU
		{7420F5DA-155E-463A-9B05-B0585EB09496}.AppStore|iPhone.Build.0 = Debug|Any CPU
		{7420F5DA-155E-463A-9B05-B0585EB09496}.AppStore|iPhoneSimulator.ActiveCfg = Debug|Any CPU
		{7420F5DA-155E-463A-9B05-B0585EB09496}.AppStore|iPhoneSimulator.Build.0 = Debug|Any CPU
		{7420F5DA-155E-463A-9B05-B0585EB09496}.AppStore|x64.ActiveCfg = Debug|Any CPU
		{7420F5DA-155E-463A-9B05-B0585EB09496}.AppStore|x64.Build.0 = Debug|Any CPU
		{7420F5DA-155E-463A-9B05-B0585EB09496}.AppStore|x86.ActiveCfg = Debug|Any CPU
		{7420F5DA-155E-463A-9B05-B0585EB09496}.AppStore|x86.Build.0 = Debug|Any CPU
		{7420F5DA-155E-463A-9B05-B0585EB09496}.Debug|Any CPU.ActiveCfg = Debug|Any CPU
		{7420F5DA-155E-463A-9B05-B0585EB09496}.Debug|Any CPU.Build.0 = Debug|Any CPU
		{7420F5DA-155E-463A-9B05-B0585EB09496}.Debug|ARM.ActiveCfg = Debug|Any CPU
		{7420F5DA-155E-463A-9B05-B0585EB09496}.Debug|ARM.Build.0 = Debug|Any CPU
		{7420F5DA-155E-463A-9B05-B0585EB09496}.Debug|arm64.ActiveCfg = Debug|Any CPU
		{7420F5DA-155E-463A-9B05-B0585EB09496}.Debug|arm64.Build.0 = Debug|Any CPU
		{7420F5DA-155E-463A-9B05-B0585EB09496}.Debug|iPhone.ActiveCfg = Debug|Any CPU
		{7420F5DA-155E-463A-9B05-B0585EB09496}.Debug|iPhone.Build.0 = Debug|Any CPU
		{7420F5DA-155E-463A-9B05-B0585EB09496}.Debug|iPhoneSimulator.ActiveCfg = Debug|Any CPU
		{7420F5DA-155E-463A-9B05-B0585EB09496}.Debug|iPhoneSimulator.Build.0 = Debug|Any CPU
		{7420F5DA-155E-463A-9B05-B0585EB09496}.Debug|x64.ActiveCfg = Debug|Any CPU
		{7420F5DA-155E-463A-9B05-B0585EB09496}.Debug|x64.Build.0 = Debug|Any CPU
		{7420F5DA-155E-463A-9B05-B0585EB09496}.Debug|x86.ActiveCfg = Debug|Any CPU
		{7420F5DA-155E-463A-9B05-B0585EB09496}.Debug|x86.Build.0 = Debug|Any CPU
		{7420F5DA-155E-463A-9B05-B0585EB09496}.Release|Any CPU.ActiveCfg = Release|Any CPU
		{7420F5DA-155E-463A-9B05-B0585EB09496}.Release|Any CPU.Build.0 = Release|Any CPU
		{7420F5DA-155E-463A-9B05-B0585EB09496}.Release|ARM.ActiveCfg = Release|Any CPU
		{7420F5DA-155E-463A-9B05-B0585EB09496}.Release|ARM.Build.0 = Release|Any CPU
		{7420F5DA-155E-463A-9B05-B0585EB09496}.Release|arm64.ActiveCfg = Release|Any CPU
		{7420F5DA-155E-463A-9B05-B0585EB09496}.Release|arm64.Build.0 = Release|Any CPU
		{7420F5DA-155E-463A-9B05-B0585EB09496}.Release|iPhone.ActiveCfg = Release|Any CPU
		{7420F5DA-155E-463A-9B05-B0585EB09496}.Release|iPhone.Build.0 = Release|Any CPU
		{7420F5DA-155E-463A-9B05-B0585EB09496}.Release|iPhoneSimulator.ActiveCfg = Release|Any CPU
		{7420F5DA-155E-463A-9B05-B0585EB09496}.Release|iPhoneSimulator.Build.0 = Release|Any CPU
		{7420F5DA-155E-463A-9B05-B0585EB09496}.Release|x64.ActiveCfg = Release|Any CPU
		{7420F5DA-155E-463A-9B05-B0585EB09496}.Release|x64.Build.0 = Release|Any CPU
		{7420F5DA-155E-463A-9B05-B0585EB09496}.Release|x86.ActiveCfg = Release|Any CPU
		{7420F5DA-155E-463A-9B05-B0585EB09496}.Release|x86.Build.0 = Release|Any CPU
		{76CCAA82-DC20-4367-994C-E813303DE574}.Ad-Hoc|Any CPU.ActiveCfg = Debug|Any CPU
		{76CCAA82-DC20-4367-994C-E813303DE574}.Ad-Hoc|Any CPU.Build.0 = Debug|Any CPU
		{76CCAA82-DC20-4367-994C-E813303DE574}.Ad-Hoc|ARM.ActiveCfg = Debug|Any CPU
		{76CCAA82-DC20-4367-994C-E813303DE574}.Ad-Hoc|ARM.Build.0 = Debug|Any CPU
		{76CCAA82-DC20-4367-994C-E813303DE574}.Ad-Hoc|arm64.ActiveCfg = Debug|Any CPU
		{76CCAA82-DC20-4367-994C-E813303DE574}.Ad-Hoc|arm64.Build.0 = Debug|Any CPU
		{76CCAA82-DC20-4367-994C-E813303DE574}.Ad-Hoc|iPhone.ActiveCfg = Debug|Any CPU
		{76CCAA82-DC20-4367-994C-E813303DE574}.Ad-Hoc|iPhone.Build.0 = Debug|Any CPU
		{76CCAA82-DC20-4367-994C-E813303DE574}.Ad-Hoc|iPhoneSimulator.ActiveCfg = Debug|Any CPU
		{76CCAA82-DC20-4367-994C-E813303DE574}.Ad-Hoc|iPhoneSimulator.Build.0 = Debug|Any CPU
		{76CCAA82-DC20-4367-994C-E813303DE574}.Ad-Hoc|x64.ActiveCfg = Debug|Any CPU
		{76CCAA82-DC20-4367-994C-E813303DE574}.Ad-Hoc|x64.Build.0 = Debug|Any CPU
		{76CCAA82-DC20-4367-994C-E813303DE574}.Ad-Hoc|x86.ActiveCfg = Debug|Any CPU
		{76CCAA82-DC20-4367-994C-E813303DE574}.Ad-Hoc|x86.Build.0 = Debug|Any CPU
		{76CCAA82-DC20-4367-994C-E813303DE574}.AppStore|Any CPU.ActiveCfg = Debug|Any CPU
		{76CCAA82-DC20-4367-994C-E813303DE574}.AppStore|Any CPU.Build.0 = Debug|Any CPU
		{76CCAA82-DC20-4367-994C-E813303DE574}.AppStore|ARM.ActiveCfg = Debug|Any CPU
		{76CCAA82-DC20-4367-994C-E813303DE574}.AppStore|ARM.Build.0 = Debug|Any CPU
		{76CCAA82-DC20-4367-994C-E813303DE574}.AppStore|arm64.ActiveCfg = Debug|Any CPU
		{76CCAA82-DC20-4367-994C-E813303DE574}.AppStore|arm64.Build.0 = Debug|Any CPU
		{76CCAA82-DC20-4367-994C-E813303DE574}.AppStore|iPhone.ActiveCfg = Debug|Any CPU
		{76CCAA82-DC20-4367-994C-E813303DE574}.AppStore|iPhone.Build.0 = Debug|Any CPU
		{76CCAA82-DC20-4367-994C-E813303DE574}.AppStore|iPhoneSimulator.ActiveCfg = Debug|Any CPU
		{76CCAA82-DC20-4367-994C-E813303DE574}.AppStore|iPhoneSimulator.Build.0 = Debug|Any CPU
		{76CCAA82-DC20-4367-994C-E813303DE574}.AppStore|x64.ActiveCfg = Debug|Any CPU
		{76CCAA82-DC20-4367-994C-E813303DE574}.AppStore|x64.Build.0 = Debug|Any CPU
		{76CCAA82-DC20-4367-994C-E813303DE574}.AppStore|x86.ActiveCfg = Debug|Any CPU
		{76CCAA82-DC20-4367-994C-E813303DE574}.AppStore|x86.Build.0 = Debug|Any CPU
		{76CCAA82-DC20-4367-994C-E813303DE574}.Debug|Any CPU.ActiveCfg = Debug|Any CPU
		{76CCAA82-DC20-4367-994C-E813303DE574}.Debug|Any CPU.Build.0 = Debug|Any CPU
		{76CCAA82-DC20-4367-994C-E813303DE574}.Debug|ARM.ActiveCfg = Debug|Any CPU
		{76CCAA82-DC20-4367-994C-E813303DE574}.Debug|ARM.Build.0 = Debug|Any CPU
		{76CCAA82-DC20-4367-994C-E813303DE574}.Debug|arm64.ActiveCfg = Debug|Any CPU
		{76CCAA82-DC20-4367-994C-E813303DE574}.Debug|arm64.Build.0 = Debug|Any CPU
		{76CCAA82-DC20-4367-994C-E813303DE574}.Debug|iPhone.ActiveCfg = Debug|Any CPU
		{76CCAA82-DC20-4367-994C-E813303DE574}.Debug|iPhone.Build.0 = Debug|Any CPU
		{76CCAA82-DC20-4367-994C-E813303DE574}.Debug|iPhoneSimulator.ActiveCfg = Debug|Any CPU
		{76CCAA82-DC20-4367-994C-E813303DE574}.Debug|iPhoneSimulator.Build.0 = Debug|Any CPU
		{76CCAA82-DC20-4367-994C-E813303DE574}.Debug|x64.ActiveCfg = Debug|Any CPU
		{76CCAA82-DC20-4367-994C-E813303DE574}.Debug|x64.Build.0 = Debug|Any CPU
		{76CCAA82-DC20-4367-994C-E813303DE574}.Debug|x86.ActiveCfg = Debug|Any CPU
		{76CCAA82-DC20-4367-994C-E813303DE574}.Debug|x86.Build.0 = Debug|Any CPU
		{76CCAA82-DC20-4367-994C-E813303DE574}.Release|Any CPU.ActiveCfg = Release|Any CPU
		{76CCAA82-DC20-4367-994C-E813303DE574}.Release|Any CPU.Build.0 = Release|Any CPU
		{76CCAA82-DC20-4367-994C-E813303DE574}.Release|ARM.ActiveCfg = Release|Any CPU
		{76CCAA82-DC20-4367-994C-E813303DE574}.Release|ARM.Build.0 = Release|Any CPU
		{76CCAA82-DC20-4367-994C-E813303DE574}.Release|arm64.ActiveCfg = Release|Any CPU
		{76CCAA82-DC20-4367-994C-E813303DE574}.Release|arm64.Build.0 = Release|Any CPU
		{76CCAA82-DC20-4367-994C-E813303DE574}.Release|iPhone.ActiveCfg = Release|Any CPU
		{76CCAA82-DC20-4367-994C-E813303DE574}.Release|iPhone.Build.0 = Release|Any CPU
		{76CCAA82-DC20-4367-994C-E813303DE574}.Release|iPhoneSimulator.ActiveCfg = Release|Any CPU
		{76CCAA82-DC20-4367-994C-E813303DE574}.Release|iPhoneSimulator.Build.0 = Release|Any CPU
		{76CCAA82-DC20-4367-994C-E813303DE574}.Release|x64.ActiveCfg = Release|Any CPU
		{76CCAA82-DC20-4367-994C-E813303DE574}.Release|x64.Build.0 = Release|Any CPU
		{76CCAA82-DC20-4367-994C-E813303DE574}.Release|x86.ActiveCfg = Release|Any CPU
		{76CCAA82-DC20-4367-994C-E813303DE574}.Release|x86.Build.0 = Release|Any CPU
	EndGlobalSection
	GlobalSection(SolutionProperties) = preSolution
		HideSolutionNode = FALSE
	EndGlobalSection
	GlobalSection(NestedProjects) = preSolution
		{C7C63DB4-CCAF-4648-A7F9-924D22E3F16B} = {3D5CFBF7-41FD-4F8E-BFF0-90CA4A020D7E}
		{7420F5DA-155E-463A-9B05-B0585EB09496} = {3D5CFBF7-41FD-4F8E-BFF0-90CA4A020D7E}
		{76CCAA82-DC20-4367-994C-E813303DE574} = {3D5CFBF7-41FD-4F8E-BFF0-90CA4A020D7E}
	EndGlobalSection
	GlobalSection(ExtensibilityGlobals) = postSolution
		SolutionGuid = {B3D03FF0-0CFB-475C-AC8A-EBD197F265D8}
	EndGlobalSection
	GlobalSection(SharedMSBuildProjectFiles) = preSolution
		DialogIssues\DialogIssues.Shared\DialogIssues.Shared.projitems*{6279c845-92f8-4333-ab99-3d213163593c}*SharedItemsImports = 13
		DialogIssues\DialogIssues.Shared\DialogIssues.Shared.projitems*{81ab67ab-f0c9-4ffd-a55b-451feaf48a95}*SharedItemsImports = 5
		DialogIssues\DialogIssues.Shared\DialogIssues.Shared.projitems*{98ae58d2-cfaf-4ce8-9325-ae0044fdd1b4}*SharedItemsImports = 5
		DialogIssues\DialogIssues.Shared\DialogIssues.Shared.projitems*{9c965421-956e-4bfa-b457-f37e7a260fa3}*SharedItemsImports = 5
		DialogIssues\DialogIssues.Shared\DialogIssues.Shared.projitems*{e349c25c-4284-4075-8cb4-f03878e0139e}*SharedItemsImports = 5
	EndGlobalSection
EndGlobal
